
Microsoft Visual Studio Solution File, Format Version 12.00
# Visual Studio Version 17
VisualStudioVersion = 17.10.35013.160
MinimumVisualStudioVersion = 10.0.40219.1
Project("{FAE04EC0-301F-11D3-BF4B-00C04F79EFBC}") = "LifeGameSimulator", "LifeGameSimulator\LifeGameSimulator.csproj", "{798874E5-F9F0-419B-B5FA-AAF8EDAF1415}"
EndProject
Global
	GlobalSection(SolutionConfigurationPlatforms) = preSolution
		Debug|Any CPU = Debug|Any CPU
		Release|Any CPU = Release|Any CPU
	EndGlobalSection
	GlobalSection(ProjectConfigurationPlatforms) = postSolution
		{798874E5-F9F0-419B-B5FA-AAF8EDAF1415}.Debug|Any CPU.ActiveCfg = Debug|Any CPU
		{798874E5-F9F0-419B-B5FA-AAF8EDAF1415}.Debug|Any CPU.Build.0 = Debug|Any CPU
		{798874E5-F9F0-419B-B5FA-AAF8EDAF1415}.Release|Any CPU.ActiveCfg = Release|Any CPU
		{798874E5-F9F0-419B-B5FA-AAF8EDAF1415}.Release|Any CPU.Build.0 = Release|Any CPU
	EndGlobalSection
	GlobalSection(SolutionProperties) = preSolution
		HideSolutionNode = FALSE
	EndGlobalSection
	GlobalSection(ExtensibilityGlobals) = postSolution
		SolutionGuid = {1842A9D7-9495-4736-B6CF-D8840FA10447}
	EndGlobalSection
EndGlobal
